
Microsoft Visual Studio Solution File, Format Version 12.00
# Visual Studio Version 17
VisualStudioVersion = 17.13.35825.156 d17.13
MinimumVisualStudioVersion = 10.0.40219.1
Project("{FAE04EC0-301F-11D3-BF4B-00C04F79EFBC}") = "Project", "Project\Project.csproj", "{A36EA095-CE1B-4FA5-B711-9CAD4BA9A296}"
EndProject
Global
	GlobalSection(SolutionConfigurationPlatforms) = preSolution
		Debug|Any CPU = Debug|Any CPU
		Release|Any CPU = Release|Any CPU
	EndGlobalSection
	GlobalSection(ProjectConfigurationPlatforms) = postSolution
		{A36EA095-CE1B-4FA5-B711-9CAD4BA9A296}.Debug|Any CPU.ActiveCfg = Debug|Any CPU
		{A36EA095-CE1B-4FA5-B711-9CAD4BA9A296}.Debug|Any CPU.Build.0 = Debug|Any CPU
		{A36EA095-CE1B-4FA5-B711-9CAD4BA9A296}.Release|Any CPU.ActiveCfg = Release|Any CPU
		{A36EA095-CE1B-4FA5-B711-9CAD4BA9A296}.Release|Any CPU.Build.0 = Release|Any CPU
	EndGlobalSection
	GlobalSection(SolutionProperties) = preSolution
		HideSolutionNode = FALSE
	EndGlobalSection
	GlobalSection(ExtensibilityGlobals) = postSolution
		SolutionGuid = {0B2AF904-0B2D-4BA5-81E6-CCE45D9F168D}
	EndGlobalSection
EndGlobal
